{
  "version": 4,
  "terraform_version": "1.6.3",
  "serial": 676,
  "lineage": "79560d4e-179b-3a86-b99c-e5dde086894a",
  "outputs": {
    "public_ip_address": {
      "value": "",
      "type": "string"
    }
  },
  "resources": [
    {
      "mode": "managed",
      "type": "azurerm_network_interface",
      "name": "hub_nva_nic",
      "provider": "provider[\"registry.terraform.io/hashicorp/azurerm\"]",
      "instances": [
        {
          "schema_version": 0,
          "attributes": {
            "applied_dns_servers": [],
            "auxiliary_mode": "",
            "auxiliary_sku": "",
            "dns_servers": [],
            "edge_zone": "",
            "enable_accelerated_networking": false,
            "enable_ip_forwarding": true,
            "id": "/subscriptions/a8ae1b18-88ff-45ed-927d-8a3a20fc8cd1/resourceGroups/hub-apps-rg/providers/Microsoft.Network/networkInterfaces/hub-nva-nic",
            "internal_dns_name_label": "",
            "internal_domain_name_suffix": "zkqjwnwtpp4ezfuq35pcodza0f.bx.internal.cloudapp.net",
            "ip_configuration": [
              {
                "gateway_load_balancer_frontend_ip_configuration_id": "",
                "name": "hub-nva",
                "primary": true,
                "private_ip_address": "10.0.0.36",
                "private_ip_address_allocation": "Static",
                "private_ip_address_version": "IPv4",
                "public_ip_address_id": "",
                "subnet_id": "/subscriptions/a8ae1b18-88ff-45ed-927d-8a3a20fc8cd1/resourceGroups/hub-net-rg/providers/Microsoft.Network/virtualNetworks/hub-vnet/subnets/dmz"
              }
            ],
            "location": "eastus",
            "mac_address": "",
            "name": "hub-nva-nic",
            "private_ip_address": "10.0.0.36",
            "private_ip_addresses": [
              "10.0.0.36"
            ],
            "resource_group_name": "hub-apps-rg",
            "tags": {
              "environment": "hub-nva"
            },
            "timeouts": null,
            "virtual_machine_id": ""
          },
          "sensitive_attributes": [],
          "private": "eyJlMmJmYjczMC1lY2FhLTExZTYtOGY4OC0zNDM2M2JjN2M0YzAiOnsiY3JlYXRlIjoxODAwMDAwMDAwMDAwLCJkZWxldGUiOjE4MDAwMDAwMDAwMDAsInJlYWQiOjMwMDAwMDAwMDAwMCwidXBkYXRlIjoxODAwMDAwMDAwMDAwfX0=",
          "dependencies": [
            "azurerm_resource_group.hub_apps_rg",
            "azurerm_resource_group.hub_net_rg",
            "azurerm_subnet.hub_dmz",
            "azurerm_virtual_network.hub_vnet"
          ]
        }
      ]
    },
    {
      "mode": "managed",
      "type": "azurerm_network_interface",
      "name": "office_nic_1",
      "provider": "provider[\"registry.terraform.io/hashicorp/azurerm\"]",
      "instances": [
        {
          "schema_version": 0,
          "attributes": {
            "applied_dns_servers": [],
            "auxiliary_mode": "",
            "auxiliary_sku": "",
            "dns_servers": [],
            "edge_zone": "",
            "enable_accelerated_networking": false,
            "enable_ip_forwarding": false,
            "id": "/subscriptions/a8ae1b18-88ff-45ed-927d-8a3a20fc8cd1/resourceGroups/office-rg/providers/Microsoft.Network/networkInterfaces/office-nic-1",
            "internal_dns_name_label": "",
            "internal_domain_name_suffix": "wjrh2r4sdqvexhnzyncuammrvc.bx.internal.cloudapp.net",
            "ip_configuration": [
              {
                "gateway_load_balancer_frontend_ip_configuration_id": "",
                "name": "internal",
                "primary": true,
                "private_ip_address": "192.168.1.132",
                "private_ip_address_allocation": "Dynamic",
                "private_ip_address_version": "IPv4",
                "public_ip_address_id": "/subscriptions/a8ae1b18-88ff-45ed-927d-8a3a20fc8cd1/resourceGroups/office-rg/providers/Microsoft.Network/publicIPAddresses/office-vm-public-ip",
                "subnet_id": "/subscriptions/a8ae1b18-88ff-45ed-927d-8a3a20fc8cd1/resourceGroups/office-rg/providers/Microsoft.Network/virtualNetworks/main-office-vnet/subnets/office-mgmt-subnet"
              }
            ],
            "location": "eastus",
            "mac_address": "",
            "name": "office-nic-1",
            "private_ip_address": "192.168.1.132",
            "private_ip_addresses": [
              "192.168.1.132"
            ],
            "resource_group_name": "office-rg",
            "tags": null,
            "timeouts": null,
            "virtual_machine_id": ""
          },
          "sensitive_attributes": [],
          "private": "eyJlMmJmYjczMC1lY2FhLTExZTYtOGY4OC0zNDM2M2JjN2M0YzAiOnsiY3JlYXRlIjoxODAwMDAwMDAwMDAwLCJkZWxldGUiOjE4MDAwMDAwMDAwMDAsInJlYWQiOjMwMDAwMDAwMDAwMCwidXBkYXRlIjoxODAwMDAwMDAwMDAwfX0=",
          "dependencies": [
            "azurerm_public_ip.office_vm_public_ip",
            "azurerm_resource_group.office_rg",
            "azurerm_subnet.office_mgmt_subnet",
            "azurerm_virtual_network.office_network"
          ]
        }
      ]
    },
    {
      "mode": "managed",
      "type": "azurerm_network_interface",
      "name": "spoke1_nic",
      "provider": "provider[\"registry.terraform.io/hashicorp/azurerm\"]",
      "instances": [
        {
          "schema_version": 0,
          "attributes": {
            "applied_dns_servers": [],
            "auxiliary_mode": "",
            "auxiliary_sku": "",
            "dns_servers": [],
            "edge_zone": "",
            "enable_accelerated_networking": false,
            "enable_ip_forwarding": true,
            "id": "/subscriptions/a8ae1b18-88ff-45ed-927d-8a3a20fc8cd1/resourceGroups/spoke1-rg/providers/Microsoft.Network/networkInterfaces/spoke1-vm-nic",
            "internal_dns_name_label": "",
            "internal_domain_name_suffix": "gtgzazcaf5eehbkvy4ecj2x5od.bx.internal.cloudapp.net",
            "ip_configuration": [
              {
                "gateway_load_balancer_frontend_ip_configuration_id": "",
                "name": "spoke1-vm",
                "primary": true,
                "private_ip_address": "10.1.0.68",
                "private_ip_address_allocation": "Dynamic",
                "private_ip_address_version": "IPv4",
                "public_ip_address_id": "",
                "subnet_id": "/subscriptions/a8ae1b18-88ff-45ed-927d-8a3a20fc8cd1/resourceGroups/spoke1-rg/providers/Microsoft.Network/virtualNetworks/spoke1-vnet/subnets/mgmt"
              }
            ],
            "location": "eastus",
            "mac_address": "",
            "name": "spoke1-vm-nic",
            "private_ip_address": "10.1.0.68",
            "private_ip_addresses": [
              "10.1.0.68"
            ],
            "resource_group_name": "spoke1-rg",
            "tags": null,
            "timeouts": null,
            "virtual_machine_id": ""
          },
          "sensitive_attributes": [],
          "private": "eyJlMmJmYjczMC1lY2FhLTExZTYtOGY4OC0zNDM2M2JjN2M0YzAiOnsiY3JlYXRlIjoxODAwMDAwMDAwMDAwLCJkZWxldGUiOjE4MDAwMDAwMDAwMDAsInJlYWQiOjMwMDAwMDAwMDAwMCwidXBkYXRlIjoxODAwMDAwMDAwMDAwfX0=",
          "dependencies": [
            "azurerm_resource_group.spoke1_rg",
            "azurerm_subnet.spoke1_mgmt",
            "azurerm_virtual_network.spoke1_vnet"
          ]
        }
      ]
    },
    {
      "mode": "managed",
      "type": "azurerm_network_interface",
      "name": "spoke2_nic",
      "provider": "provider[\"registry.terraform.io/hashicorp/azurerm\"]",
      "instances": [
        {
          "schema_version": 0,
          "attributes": {
            "applied_dns_servers": [],
            "auxiliary_mode": "",
            "auxiliary_sku": "",
            "dns_servers": [],
            "edge_zone": "",
            "enable_accelerated_networking": false,
            "enable_ip_forwarding": true,
            "id": "/subscriptions/a8ae1b18-88ff-45ed-927d-8a3a20fc8cd1/resourceGroups/spoke2-rg/providers/Microsoft.Network/networkInterfaces/spoke2-vm-nic",
            "internal_dns_name_label": "",
            "internal_domain_name_suffix": "dttx0ptnd1cuva0m5yjq1xvxja.bx.internal.cloudapp.net",
            "ip_configuration": [
              {
                "gateway_load_balancer_frontend_ip_configuration_id": "",
                "name": "spoke2-vm",
                "primary": true,
                "private_ip_address": "10.2.0.68",
                "private_ip_address_allocation": "Dynamic",
                "private_ip_address_version": "IPv4",
                "public_ip_address_id": "",
                "subnet_id": "/subscriptions/a8ae1b18-88ff-45ed-927d-8a3a20fc8cd1/resourceGroups/spoke2-rg/providers/Microsoft.Network/virtualNetworks/spoke2-vnet/subnets/mgmt"
              }
            ],
            "location": "eastus",
            "mac_address": "",
            "name": "spoke2-vm-nic",
            "private_ip_address": "10.2.0.68",
            "private_ip_addresses": [
              "10.2.0.68"
            ],
            "resource_group_name": "spoke2-rg",
            "tags": null,
            "timeouts": null,
            "virtual_machine_id": ""
          },
          "sensitive_attributes": [],
          "private": "eyJlMmJmYjczMC1lY2FhLTExZTYtOGY4OC0zNDM2M2JjN2M0YzAiOnsiY3JlYXRlIjoxODAwMDAwMDAwMDAwLCJkZWxldGUiOjE4MDAwMDAwMDAwMDAsInJlYWQiOjMwMDAwMDAwMDAwMCwidXBkYXRlIjoxODAwMDAwMDAwMDAwfX0=",
          "dependencies": [
            "azurerm_resource_group.spoke2_rg",
            "azurerm_subnet.spoke2_mgmt",
            "azurerm_virtual_network.spoke2_vnet"
          ]
        }
      ]
    },
    {
      "mode": "managed",
      "type": "azurerm_network_security_group",
      "name": "office_mgmt_nsg",
      "provider": "provider[\"registry.terraform.io/hashicorp/azurerm\"]",
      "instances": [
        {
          "schema_version": 0,
          "attributes": {
            "id": "/subscriptions/a8ae1b18-88ff-45ed-927d-8a3a20fc8cd1/resourceGroups/office-rg/providers/Microsoft.Network/networkSecurityGroups/office-mgmt-nsg",
            "location": "eastus",
            "name": "office-mgmt-nsg",
            "resource_group_name": "office-rg",
            "security_rule": [
              {
                "access": "Allow",
                "description": "",
                "destination_address_prefix": "*",
                "destination_address_prefixes": [],
                "destination_application_security_group_ids": [],
                "destination_port_range": "22",
                "destination_port_ranges": [],
                "direction": "Inbound",
                "name": "SSH",
                "priority": 1001,
                "protocol": "Tcp",
                "source_address_prefix": "73.15.3.95",
                "source_address_prefixes": [],
                "source_application_security_group_ids": [],
                "source_port_range": "*",
                "source_port_ranges": []
              }
            ],
            "tags": {
              "environment": "office"
            },
            "timeouts": null
          },
          "sensitive_attributes": [
            [
              {
                "type": "get_attr",
                "value": "security_rule"
              }
            ]
          ],
          "private": "eyJlMmJmYjczMC1lY2FhLTExZTYtOGY4OC0zNDM2M2JjN2M0YzAiOnsiY3JlYXRlIjoxODAwMDAwMDAwMDAwLCJkZWxldGUiOjE4MDAwMDAwMDAwMDAsInJlYWQiOjMwMDAwMDAwMDAwMCwidXBkYXRlIjoxODAwMDAwMDAwMDAwfX0=",
          "dependencies": [
            "azurerm_resource_group.office_rg"
          ]
        }
      ]
    },
    {
      "mode": "managed",
      "type": "azurerm_public_ip",
      "name": "hub_public_ip",
      "provider": "provider[\"registry.terraform.io/hashicorp/azurerm\"]",
      "instances": [
        {
          "schema_version": 0,
          "attributes": {
            "allocation_method": "Dynamic",
            "ddos_protection_mode": "VirtualNetworkInherited",
            "ddos_protection_plan_id": null,
            "domain_name_label": null,
            "edge_zone": "",
            "fqdn": null,
            "id": "/subscriptions/a8ae1b18-88ff-45ed-927d-8a3a20fc8cd1/resourceGroups/hub-net-rg/providers/Microsoft.Network/publicIPAddresses/hub-public-ip",
            "idle_timeout_in_minutes": 4,
            "ip_address": "",
            "ip_tags": null,
            "ip_version": "IPv4",
            "location": "eastus",
            "name": "hub-public-ip",
            "public_ip_prefix_id": null,
            "resource_group_name": "hub-net-rg",
            "reverse_fqdn": null,
            "sku": "Basic",
            "sku_tier": "Regional",
            "tags": {
              "environment": "Office pip"
            },
            "timeouts": null,
            "zones": null
          },
          "sensitive_attributes": [],
          "private": "eyJlMmJmYjczMC1lY2FhLTExZTYtOGY4OC0zNDM2M2JjN2M0YzAiOnsiY3JlYXRlIjoxODAwMDAwMDAwMDAwLCJkZWxldGUiOjE4MDAwMDAwMDAwMDAsInJlYWQiOjMwMDAwMDAwMDAwMCwidXBkYXRlIjoxODAwMDAwMDAwMDAwfX0=",
          "dependencies": [
            "azurerm_resource_group.hub_net_rg"
          ]
        }
      ]
    },
    {
      "mode": "managed",
      "type": "azurerm_public_ip",
      "name": "office_public_ip",
      "provider": "provider[\"registry.terraform.io/hashicorp/azurerm\"]",
      "instances": [
        {
          "schema_version": 0,
          "attributes": {
            "allocation_method": "Dynamic",
            "ddos_protection_mode": "VirtualNetworkInherited",
            "ddos_protection_plan_id": null,
            "domain_name_label": null,
            "edge_zone": "",
            "fqdn": null,
            "id": "/subscriptions/a8ae1b18-88ff-45ed-927d-8a3a20fc8cd1/resourceGroups/office-rg/providers/Microsoft.Network/publicIPAddresses/office-public-ip",
            "idle_timeout_in_minutes": 4,
            "ip_address": "",
            "ip_tags": null,
            "ip_version": "IPv4",
            "location": "eastus",
            "name": "office-public-ip",
            "public_ip_prefix_id": null,
            "resource_group_name": "office-rg",
            "reverse_fqdn": null,
            "sku": "Basic",
            "sku_tier": "Regional",
            "tags": {
              "environment": "Office public ip"
            },
            "timeouts": null,
            "zones": null
          },
          "sensitive_attributes": [],
          "private": "eyJlMmJmYjczMC1lY2FhLTExZTYtOGY4OC0zNDM2M2JjN2M0YzAiOnsiY3JlYXRlIjoxODAwMDAwMDAwMDAwLCJkZWxldGUiOjE4MDAwMDAwMDAwMDAsInJlYWQiOjMwMDAwMDAwMDAwMCwidXBkYXRlIjoxODAwMDAwMDAwMDAwfX0=",
          "dependencies": [
            "azurerm_resource_group.office_rg"
          ]
        }
      ]
    },
    {
      "mode": "managed",
      "type": "azurerm_public_ip",
      "name": "office_vm_public_ip",
      "provider": "provider[\"registry.terraform.io/hashicorp/azurerm\"]",
      "instances": [
        {
          "schema_version": 0,
          "attributes": {
            "allocation_method": "Dynamic",
            "ddos_protection_mode": "VirtualNetworkInherited",
            "ddos_protection_plan_id": null,
            "domain_name_label": null,
            "edge_zone": "",
            "fqdn": null,
            "id": "/subscriptions/a8ae1b18-88ff-45ed-927d-8a3a20fc8cd1/resourceGroups/office-rg/providers/Microsoft.Network/publicIPAddresses/office-vm-public-ip",
            "idle_timeout_in_minutes": 4,
            "ip_address": "",
            "ip_tags": null,
            "ip_version": "IPv4",
            "location": "eastus",
            "name": "office-vm-public-ip",
            "public_ip_prefix_id": null,
            "resource_group_name": "office-rg",
            "reverse_fqdn": null,
            "sku": "Basic",
            "sku_tier": "Regional",
            "tags": {
              "environment": "Office VM public ip"
            },
            "timeouts": null,
            "zones": null
          },
          "sensitive_attributes": [],
          "private": "eyJlMmJmYjczMC1lY2FhLTExZTYtOGY4OC0zNDM2M2JjN2M0YzAiOnsiY3JlYXRlIjoxODAwMDAwMDAwMDAwLCJkZWxldGUiOjE4MDAwMDAwMDAwMDAsInJlYWQiOjMwMDAwMDAwMDAwMCwidXBkYXRlIjoxODAwMDAwMDAwMDAwfX0=",
          "dependencies": [
            "azurerm_resource_group.office_rg"
          ]
        }
      ]
    },
    {
      "mode": "managed",
      "type": "azurerm_resource_group",
      "name": "hub_apps_rg",
      "provider": "provider[\"registry.terraform.io/hashicorp/azurerm\"]",
      "instances": [
        {
          "schema_version": 0,
          "attributes": {
            "id": "/subscriptions/a8ae1b18-88ff-45ed-927d-8a3a20fc8cd1/resourceGroups/hub-apps-rg",
            "location": "eastus",
            "managed_by": "",
            "name": "hub-apps-rg",
            "tags": null,
            "timeouts": null
          },
          "sensitive_attributes": [],
          "private": "eyJlMmJmYjczMC1lY2FhLTExZTYtOGY4OC0zNDM2M2JjN2M0YzAiOnsiY3JlYXRlIjo1NDAwMDAwMDAwMDAwLCJkZWxldGUiOjU0MDAwMDAwMDAwMDAsInJlYWQiOjMwMDAwMDAwMDAwMCwidXBkYXRlIjo1NDAwMDAwMDAwMDAwfX0="
        }
      ]
    },
    {
      "mode": "managed",
      "type": "azurerm_resource_group",
      "name": "hub_net_rg",
      "provider": "provider[\"registry.terraform.io/hashicorp/azurerm\"]",
      "instances": [
        {
          "schema_version": 0,
          "attributes": {
            "id": "/subscriptions/a8ae1b18-88ff-45ed-927d-8a3a20fc8cd1/resourceGroups/hub-net-rg",
            "location": "eastus",
            "managed_by": "",
            "name": "hub-net-rg",
            "tags": null,
            "timeouts": null
          },
          "sensitive_attributes": [],
          "private": "eyJlMmJmYjczMC1lY2FhLTExZTYtOGY4OC0zNDM2M2JjN2M0YzAiOnsiY3JlYXRlIjo1NDAwMDAwMDAwMDAwLCJkZWxldGUiOjU0MDAwMDAwMDAwMDAsInJlYWQiOjMwMDAwMDAwMDAwMCwidXBkYXRlIjo1NDAwMDAwMDAwMDAwfX0="
        }
      ]
    },
    {
      "mode": "managed",
      "type": "azurerm_resource_group",
      "name": "office_rg",
      "provider": "provider[\"registry.terraform.io/hashicorp/azurerm\"]",
      "instances": [
        {
          "schema_version": 0,
          "attributes": {
            "id": "/subscriptions/a8ae1b18-88ff-45ed-927d-8a3a20fc8cd1/resourceGroups/office-rg",
            "location": "eastus",
            "managed_by": "",
            "name": "office-rg",
            "tags": null,
            "timeouts": null
          },
          "sensitive_attributes": [],
          "private": "eyJlMmJmYjczMC1lY2FhLTExZTYtOGY4OC0zNDM2M2JjN2M0YzAiOnsiY3JlYXRlIjo1NDAwMDAwMDAwMDAwLCJkZWxldGUiOjU0MDAwMDAwMDAwMDAsInJlYWQiOjMwMDAwMDAwMDAwMCwidXBkYXRlIjo1NDAwMDAwMDAwMDAwfX0="
        }
      ]
    },
    {
      "mode": "managed",
      "type": "azurerm_resource_group",
      "name": "spoke1_rg",
      "provider": "provider[\"registry.terraform.io/hashicorp/azurerm\"]",
      "instances": [
        {
          "schema_version": 0,
          "attributes": {
            "id": "/subscriptions/a8ae1b18-88ff-45ed-927d-8a3a20fc8cd1/resourceGroups/spoke1-rg",
            "location": "eastus",
            "managed_by": "",
            "name": "spoke1-rg",
            "tags": null,
            "timeouts": null
          },
          "sensitive_attributes": [],
          "private": "eyJlMmJmYjczMC1lY2FhLTExZTYtOGY4OC0zNDM2M2JjN2M0YzAiOnsiY3JlYXRlIjo1NDAwMDAwMDAwMDAwLCJkZWxldGUiOjU0MDAwMDAwMDAwMDAsInJlYWQiOjMwMDAwMDAwMDAwMCwidXBkYXRlIjo1NDAwMDAwMDAwMDAwfX0="
        }
      ]
    },
    {
      "mode": "managed",
      "type": "azurerm_resource_group",
      "name": "spoke2_rg",
      "provider": "provider[\"registry.terraform.io/hashicorp/azurerm\"]",
      "instances": [
        {
          "schema_version": 0,
          "attributes": {
            "id": "/subscriptions/a8ae1b18-88ff-45ed-927d-8a3a20fc8cd1/resourceGroups/spoke2-rg",
            "location": "eastus",
            "managed_by": "",
            "name": "spoke2-rg",
            "tags": null,
            "timeouts": null
          },
          "sensitive_attributes": [],
          "private": "eyJlMmJmYjczMC1lY2FhLTExZTYtOGY4OC0zNDM2M2JjN2M0YzAiOnsiY3JlYXRlIjo1NDAwMDAwMDAwMDAwLCJkZWxldGUiOjU0MDAwMDAwMDAwMDAsInJlYWQiOjMwMDAwMDAwMDAwMCwidXBkYXRlIjo1NDAwMDAwMDAwMDAwfX0="
        }
      ]
    },
    {
      "mode": "managed",
      "type": "azurerm_route_table",
      "name": "hub_gateway_rt",
      "provider": "provider[\"registry.terraform.io/hashicorp/azurerm\"]",
      "instances": [
        {
          "schema_version": 0,
          "attributes": {
            "disable_bgp_route_propagation": false,
            "id": "/subscriptions/a8ae1b18-88ff-45ed-927d-8a3a20fc8cd1/resourceGroups/hub-apps-rg/providers/Microsoft.Network/routeTables/hub-gateway-rt",
            "location": "eastus",
            "name": "hub-gateway-rt",
            "resource_group_name": "hub-apps-rg",
            "route": [
              {
                "address_prefix": "10.0.0.0/16",
                "name": "toHub",
                "next_hop_in_ip_address": "",
                "next_hop_type": "VnetLocal"
              },
              {
                "address_prefix": "10.1.0.0/16",
                "name": "toSpoke1",
                "next_hop_in_ip_address": "10.0.0.36",
                "next_hop_type": "VirtualAppliance"
              },
              {
                "address_prefix": "10.2.0.0/16",
                "name": "toSpoke2",
                "next_hop_in_ip_address": "10.0.0.36",
                "next_hop_type": "VirtualAppliance"
              }
            ],
            "subnets": [],
            "tags": {
              "environment": "hub-nva"
            },
            "timeouts": null
          },
          "sensitive_attributes": [],
          "private": "eyJlMmJmYjczMC1lY2FhLTExZTYtOGY4OC0zNDM2M2JjN2M0YzAiOnsiY3JlYXRlIjoxODAwMDAwMDAwMDAwLCJkZWxldGUiOjE4MDAwMDAwMDAwMDAsInJlYWQiOjMwMDAwMDAwMDAwMCwidXBkYXRlIjoxODAwMDAwMDAwMDAwfX0=",
          "dependencies": [
            "azurerm_resource_group.hub_apps_rg"
          ]
        }
      ]
    },
    {
      "mode": "managed",
      "type": "azurerm_route_table",
      "name": "spoke1_rt",
      "provider": "provider[\"registry.terraform.io/hashicorp/azurerm\"]",
      "instances": [
        {
          "schema_version": 0,
          "attributes": {
            "disable_bgp_route_propagation": false,
            "id": "/subscriptions/a8ae1b18-88ff-45ed-927d-8a3a20fc8cd1/resourceGroups/hub-apps-rg/providers/Microsoft.Network/routeTables/spoke1-rt",
            "location": "eastus",
            "name": "spoke1-rt",
            "resource_group_name": "hub-apps-rg",
            "route": [
              {
                "address_prefix": "0.0.0.0/0",
                "name": "default",
                "next_hop_in_ip_address": "",
                "next_hop_type": "VnetLocal"
              },
              {
                "address_prefix": "10.2.0.0/16",
                "name": "toSpoke2",
                "next_hop_in_ip_address": "10.0.0.36",
                "next_hop_type": "VirtualAppliance"
              }
            ],
            "subnets": [],
            "tags": {
              "environment": "hub-nva"
            },
            "timeouts": null
          },
          "sensitive_attributes": [],
          "private": "eyJlMmJmYjczMC1lY2FhLTExZTYtOGY4OC0zNDM2M2JjN2M0YzAiOnsiY3JlYXRlIjoxODAwMDAwMDAwMDAwLCJkZWxldGUiOjE4MDAwMDAwMDAwMDAsInJlYWQiOjMwMDAwMDAwMDAwMCwidXBkYXRlIjoxODAwMDAwMDAwMDAwfX0=",
          "dependencies": [
            "azurerm_resource_group.hub_apps_rg"
          ]
        }
      ]
    },
    {
      "mode": "managed",
      "type": "azurerm_route_table",
      "name": "spoke2_rt",
      "provider": "provider[\"registry.terraform.io/hashicorp/azurerm\"]",
      "instances": [
        {
          "schema_version": 0,
          "attributes": {
            "disable_bgp_route_propagation": false,
            "id": "/subscriptions/a8ae1b18-88ff-45ed-927d-8a3a20fc8cd1/resourceGroups/hub-apps-rg/providers/Microsoft.Network/routeTables/spoke2-rt",
            "location": "eastus",
            "name": "spoke2-rt",
            "resource_group_name": "hub-apps-rg",
            "route": [
              {
                "address_prefix": "0.0.0.0/0",
                "name": "default",
                "next_hop_in_ip_address": "",
                "next_hop_type": "VnetLocal"
              },
              {
                "address_prefix": "10.1.0.0/16",
                "name": "toSpoke1",
                "next_hop_in_ip_address": "10.0.0.36",
                "next_hop_type": "VirtualAppliance"
              }
            ],
            "subnets": [],
            "tags": {
              "environment": "hub-nva"
            },
            "timeouts": null
          },
          "sensitive_attributes": [],
          "private": "eyJlMmJmYjczMC1lY2FhLTExZTYtOGY4OC0zNDM2M2JjN2M0YzAiOnsiY3JlYXRlIjoxODAwMDAwMDAwMDAwLCJkZWxldGUiOjE4MDAwMDAwMDAwMDAsInJlYWQiOjMwMDAwMDAwMDAwMCwidXBkYXRlIjoxODAwMDAwMDAwMDAwfX0=",
          "dependencies": [
            "azurerm_resource_group.hub_apps_rg"
          ]
        }
      ]
    },
    {
      "mode": "managed",
      "type": "azurerm_subnet",
      "name": "hub_dmz",
      "provider": "provider[\"registry.terraform.io/hashicorp/azurerm\"]",
      "instances": [
        {
          "schema_version": 0,
          "attributes": {
            "address_prefixes": [
              "10.0.0.32/27"
            ],
            "delegation": [],
            "enforce_private_link_endpoint_network_policies": false,
            "enforce_private_link_service_network_policies": false,
            "id": "/subscriptions/a8ae1b18-88ff-45ed-927d-8a3a20fc8cd1/resourceGroups/hub-net-rg/providers/Microsoft.Network/virtualNetworks/hub-vnet/subnets/dmz",
            "name": "dmz",
            "private_endpoint_network_policies_enabled": true,
            "private_link_service_network_policies_enabled": true,
            "resource_group_name": "hub-net-rg",
            "service_endpoint_policy_ids": null,
            "service_endpoints": null,
            "timeouts": null,
            "virtual_network_name": "hub-vnet"
          },
          "sensitive_attributes": [],
          "private": "eyJlMmJmYjczMC1lY2FhLTExZTYtOGY4OC0zNDM2M2JjN2M0YzAiOnsiY3JlYXRlIjoxODAwMDAwMDAwMDAwLCJkZWxldGUiOjE4MDAwMDAwMDAwMDAsInJlYWQiOjMwMDAwMDAwMDAwMCwidXBkYXRlIjoxODAwMDAwMDAwMDAwfX0=",
          "dependencies": [
            "azurerm_resource_group.hub_net_rg",
            "azurerm_virtual_network.hub_vnet"
          ]
        }
      ]
    },
    {
      "mode": "managed",
      "type": "azurerm_subnet",
      "name": "hub_gateway_subnet",
      "provider": "provider[\"registry.terraform.io/hashicorp/azurerm\"]",
      "instances": [
        {
          "schema_version": 0,
          "attributes": {
            "address_prefixes": [
              "10.0.255.224/27"
            ],
            "delegation": [],
            "enforce_private_link_endpoint_network_policies": false,
            "enforce_private_link_service_network_policies": false,
            "id": "/subscriptions/a8ae1b18-88ff-45ed-927d-8a3a20fc8cd1/resourceGroups/hub-net-rg/providers/Microsoft.Network/virtualNetworks/hub-vnet/subnets/GatewaySubnet",
            "name": "GatewaySubnet",
            "private_endpoint_network_policies_enabled": true,
            "private_link_service_network_policies_enabled": true,
            "resource_group_name": "hub-net-rg",
            "service_endpoint_policy_ids": null,
            "service_endpoints": null,
            "timeouts": null,
            "virtual_network_name": "hub-vnet"
          },
          "sensitive_attributes": [],
          "private": "eyJlMmJmYjczMC1lY2FhLTExZTYtOGY4OC0zNDM2M2JjN2M0YzAiOnsiY3JlYXRlIjoxODAwMDAwMDAwMDAwLCJkZWxldGUiOjE4MDAwMDAwMDAwMDAsInJlYWQiOjMwMDAwMDAwMDAwMCwidXBkYXRlIjoxODAwMDAwMDAwMDAwfX0=",
          "dependencies": [
            "azurerm_resource_group.hub_net_rg",
            "azurerm_virtual_network.hub_vnet"
          ]
        }
      ]
    },
    {
      "mode": "managed",
      "type": "azurerm_subnet",
      "name": "hub_mgmt",
      "provider": "provider[\"registry.terraform.io/hashicorp/azurerm\"]",
      "instances": [
        {
          "schema_version": 0,
          "attributes": {
            "address_prefixes": [
              "10.0.0.64/27"
            ],
            "delegation": [],
            "enforce_private_link_endpoint_network_policies": false,
            "enforce_private_link_service_network_policies": false,
            "id": "/subscriptions/a8ae1b18-88ff-45ed-927d-8a3a20fc8cd1/resourceGroups/hub-net-rg/providers/Microsoft.Network/virtualNetworks/hub-vnet/subnets/mgmt",
            "name": "mgmt",
            "private_endpoint_network_policies_enabled": true,
            "private_link_service_network_policies_enabled": true,
            "resource_group_name": "hub-net-rg",
            "service_endpoint_policy_ids": null,
            "service_endpoints": null,
            "timeouts": null,
            "virtual_network_name": "hub-vnet"
          },
          "sensitive_attributes": [],
          "private": "eyJlMmJmYjczMC1lY2FhLTExZTYtOGY4OC0zNDM2M2JjN2M0YzAiOnsiY3JlYXRlIjoxODAwMDAwMDAwMDAwLCJkZWxldGUiOjE4MDAwMDAwMDAwMDAsInJlYWQiOjMwMDAwMDAwMDAwMCwidXBkYXRlIjoxODAwMDAwMDAwMDAwfX0=",
          "dependencies": [
            "azurerm_resource_group.hub_net_rg",
            "azurerm_virtual_network.hub_vnet"
          ]
        }
      ]
    },
    {
      "mode": "managed",
      "type": "azurerm_subnet",
      "name": "office_gateway_subnet",
      "provider": "provider[\"registry.terraform.io/hashicorp/azurerm\"]",
      "instances": [
        {
          "schema_version": 0,
          "attributes": {
            "address_prefixes": [
              "192.168.255.224/27"
            ],
            "delegation": [],
            "enforce_private_link_endpoint_network_policies": false,
            "enforce_private_link_service_network_policies": false,
            "id": "/subscriptions/a8ae1b18-88ff-45ed-927d-8a3a20fc8cd1/resourceGroups/office-rg/providers/Microsoft.Network/virtualNetworks/main-office-vnet/subnets/GatewaySubnet",
            "name": "GatewaySubnet",
            "private_endpoint_network_policies_enabled": true,
            "private_link_service_network_policies_enabled": true,
            "resource_group_name": "office-rg",
            "service_endpoint_policy_ids": null,
            "service_endpoints": null,
            "timeouts": null,
            "virtual_network_name": "main-office-vnet"
          },
          "sensitive_attributes": [],
          "private": "eyJlMmJmYjczMC1lY2FhLTExZTYtOGY4OC0zNDM2M2JjN2M0YzAiOnsiY3JlYXRlIjoxODAwMDAwMDAwMDAwLCJkZWxldGUiOjE4MDAwMDAwMDAwMDAsInJlYWQiOjMwMDAwMDAwMDAwMCwidXBkYXRlIjoxODAwMDAwMDAwMDAwfX0=",
          "dependencies": [
            "azurerm_resource_group.office_rg",
            "azurerm_virtual_network.office_network"
          ]
        }
      ]
    },
    {
      "mode": "managed",
      "type": "azurerm_subnet",
      "name": "office_mgmt_subnet",
      "provider": "provider[\"registry.terraform.io/hashicorp/azurerm\"]",
      "instances": [
        {
          "schema_version": 0,
          "attributes": {
            "address_prefixes": [
              "192.168.1.128/25"
            ],
            "delegation": [],
            "enforce_private_link_endpoint_network_policies": false,
            "enforce_private_link_service_network_policies": false,
            "id": "/subscriptions/a8ae1b18-88ff-45ed-927d-8a3a20fc8cd1/resourceGroups/office-rg/providers/Microsoft.Network/virtualNetworks/main-office-vnet/subnets/office-mgmt-subnet",
            "name": "office-mgmt-subnet",
            "private_endpoint_network_policies_enabled": true,
            "private_link_service_network_policies_enabled": true,
            "resource_group_name": "office-rg",
            "service_endpoint_policy_ids": null,
            "service_endpoints": null,
            "timeouts": null,
            "virtual_network_name": "main-office-vnet"
          },
          "sensitive_attributes": [],
          "private": "eyJlMmJmYjczMC1lY2FhLTExZTYtOGY4OC0zNDM2M2JjN2M0YzAiOnsiY3JlYXRlIjoxODAwMDAwMDAwMDAwLCJkZWxldGUiOjE4MDAwMDAwMDAwMDAsInJlYWQiOjMwMDAwMDAwMDAwMCwidXBkYXRlIjoxODAwMDAwMDAwMDAwfX0=",
          "dependencies": [
            "azurerm_resource_group.office_rg",
            "azurerm_virtual_network.office_network"
          ]
        }
      ]
    },
    {
      "mode": "managed",
      "type": "azurerm_subnet",
      "name": "office_user_subnet",
      "provider": "provider[\"registry.terraform.io/hashicorp/azurerm\"]",
      "instances": [
        {
          "schema_version": 0,
          "attributes": {
            "address_prefixes": [
              "192.168.10.0/24"
            ],
            "delegation": [],
            "enforce_private_link_endpoint_network_policies": false,
            "enforce_private_link_service_network_policies": false,
            "id": "/subscriptions/a8ae1b18-88ff-45ed-927d-8a3a20fc8cd1/resourceGroups/office-rg/providers/Microsoft.Network/virtualNetworks/main-office-vnet/subnets/office-user-subnet",
            "name": "office-user-subnet",
            "private_endpoint_network_policies_enabled": true,
            "private_link_service_network_policies_enabled": true,
            "resource_group_name": "office-rg",
            "service_endpoint_policy_ids": null,
            "service_endpoints": null,
            "timeouts": null,
            "virtual_network_name": "main-office-vnet"
          },
          "sensitive_attributes": [],
          "private": "eyJlMmJmYjczMC1lY2FhLTExZTYtOGY4OC0zNDM2M2JjN2M0YzAiOnsiY3JlYXRlIjoxODAwMDAwMDAwMDAwLCJkZWxldGUiOjE4MDAwMDAwMDAwMDAsInJlYWQiOjMwMDAwMDAwMDAwMCwidXBkYXRlIjoxODAwMDAwMDAwMDAwfX0=",
          "dependencies": [
            "azurerm_resource_group.office_rg",
            "azurerm_virtual_network.office_network"
          ]
        }
      ]
    },
    {
      "mode": "managed",
      "type": "azurerm_subnet",
      "name": "spoke1_mgmt",
      "provider": "provider[\"registry.terraform.io/hashicorp/azurerm\"]",
      "instances": [
        {
          "schema_version": 0,
          "attributes": {
            "address_prefixes": [
              "10.1.0.64/27"
            ],
            "delegation": [],
            "enforce_private_link_endpoint_network_policies": false,
            "enforce_private_link_service_network_policies": false,
            "id": "/subscriptions/a8ae1b18-88ff-45ed-927d-8a3a20fc8cd1/resourceGroups/spoke1-rg/providers/Microsoft.Network/virtualNetworks/spoke1-vnet/subnets/mgmt",
            "name": "mgmt",
            "private_endpoint_network_policies_enabled": true,
            "private_link_service_network_policies_enabled": true,
            "resource_group_name": "spoke1-rg",
            "service_endpoint_policy_ids": null,
            "service_endpoints": null,
            "timeouts": null,
            "virtual_network_name": "spoke1-vnet"
          },
          "sensitive_attributes": [],
          "private": "eyJlMmJmYjczMC1lY2FhLTExZTYtOGY4OC0zNDM2M2JjN2M0YzAiOnsiY3JlYXRlIjoxODAwMDAwMDAwMDAwLCJkZWxldGUiOjE4MDAwMDAwMDAwMDAsInJlYWQiOjMwMDAwMDAwMDAwMCwidXBkYXRlIjoxODAwMDAwMDAwMDAwfX0=",
          "dependencies": [
            "azurerm_resource_group.spoke1_rg",
            "azurerm_virtual_network.spoke1_vnet"
          ]
        }
      ]
    },
    {
      "mode": "managed",
      "type": "azurerm_subnet",
      "name": "spoke1_workload",
      "provider": "provider[\"registry.terraform.io/hashicorp/azurerm\"]",
      "instances": [
        {
          "schema_version": 0,
          "attributes": {
            "address_prefixes": [
              "10.1.1.0/24"
            ],
            "delegation": [],
            "enforce_private_link_endpoint_network_policies": false,
            "enforce_private_link_service_network_policies": false,
            "id": "/subscriptions/a8ae1b18-88ff-45ed-927d-8a3a20fc8cd1/resourceGroups/spoke1-rg/providers/Microsoft.Network/virtualNetworks/spoke1-vnet/subnets/workload",
            "name": "workload",
            "private_endpoint_network_policies_enabled": true,
            "private_link_service_network_policies_enabled": true,
            "resource_group_name": "spoke1-rg",
            "service_endpoint_policy_ids": null,
            "service_endpoints": null,
            "timeouts": null,
            "virtual_network_name": "spoke1-vnet"
          },
          "sensitive_attributes": [],
          "private": "eyJlMmJmYjczMC1lY2FhLTExZTYtOGY4OC0zNDM2M2JjN2M0YzAiOnsiY3JlYXRlIjoxODAwMDAwMDAwMDAwLCJkZWxldGUiOjE4MDAwMDAwMDAwMDAsInJlYWQiOjMwMDAwMDAwMDAwMCwidXBkYXRlIjoxODAwMDAwMDAwMDAwfX0=",
          "dependencies": [
            "azurerm_resource_group.spoke1_rg",
            "azurerm_virtual_network.spoke1_vnet"
          ]
        }
      ]
    },
    {
      "mode": "managed",
      "type": "azurerm_subnet",
      "name": "spoke2_mgmt",
      "provider": "provider[\"registry.terraform.io/hashicorp/azurerm\"]",
      "instances": [
        {
          "schema_version": 0,
          "attributes": {
            "address_prefixes": [
              "10.2.0.64/27"
            ],
            "delegation": [],
            "enforce_private_link_endpoint_network_policies": false,
            "enforce_private_link_service_network_policies": false,
            "id": "/subscriptions/a8ae1b18-88ff-45ed-927d-8a3a20fc8cd1/resourceGroups/spoke2-rg/providers/Microsoft.Network/virtualNetworks/spoke2-vnet/subnets/mgmt",
            "name": "mgmt",
            "private_endpoint_network_policies_enabled": true,
            "private_link_service_network_policies_enabled": true,
            "resource_group_name": "spoke2-rg",
            "service_endpoint_policy_ids": null,
            "service_endpoints": null,
            "timeouts": null,
            "virtual_network_name": "spoke2-vnet"
          },
          "sensitive_attributes": [],
          "private": "eyJlMmJmYjczMC1lY2FhLTExZTYtOGY4OC0zNDM2M2JjN2M0YzAiOnsiY3JlYXRlIjoxODAwMDAwMDAwMDAwLCJkZWxldGUiOjE4MDAwMDAwMDAwMDAsInJlYWQiOjMwMDAwMDAwMDAwMCwidXBkYXRlIjoxODAwMDAwMDAwMDAwfX0=",
          "dependencies": [
            "azurerm_resource_group.spoke2_rg",
            "azurerm_virtual_network.spoke2_vnet"
          ]
        }
      ]
    },
    {
      "mode": "managed",
      "type": "azurerm_subnet",
      "name": "spoke2_workload",
      "provider": "provider[\"registry.terraform.io/hashicorp/azurerm\"]",
      "instances": [
        {
          "schema_version": 0,
          "attributes": {
            "address_prefixes": [
              "10.2.1.0/24"
            ],
            "delegation": [],
            "enforce_private_link_endpoint_network_policies": false,
            "enforce_private_link_service_network_policies": false,
            "id": "/subscriptions/a8ae1b18-88ff-45ed-927d-8a3a20fc8cd1/resourceGroups/spoke2-rg/providers/Microsoft.Network/virtualNetworks/spoke2-vnet/subnets/workload",
            "name": "workload",
            "private_endpoint_network_policies_enabled": true,
            "private_link_service_network_policies_enabled": true,
            "resource_group_name": "spoke2-rg",
            "service_endpoint_policy_ids": null,
            "service_endpoints": null,
            "timeouts": null,
            "virtual_network_name": "spoke2-vnet"
          },
          "sensitive_attributes": [],
          "private": "eyJlMmJmYjczMC1lY2FhLTExZTYtOGY4OC0zNDM2M2JjN2M0YzAiOnsiY3JlYXRlIjoxODAwMDAwMDAwMDAwLCJkZWxldGUiOjE4MDAwMDAwMDAwMDAsInJlYWQiOjMwMDAwMDAwMDAwMCwidXBkYXRlIjoxODAwMDAwMDAwMDAwfX0=",
          "dependencies": [
            "azurerm_resource_group.spoke2_rg",
            "azurerm_virtual_network.spoke2_vnet"
          ]
        }
      ]
    },
    {
      "mode": "managed",
      "type": "azurerm_subnet_network_security_group_association",
      "name": "office_mgmt_nsg_association",
      "provider": "provider[\"registry.terraform.io/hashicorp/azurerm\"]",
      "instances": [
        {
          "schema_version": 0,
          "attributes": {
            "id": "/subscriptions/a8ae1b18-88ff-45ed-927d-8a3a20fc8cd1/resourceGroups/office-rg/providers/Microsoft.Network/virtualNetworks/main-office-vnet/subnets/office-mgmt-subnet",
            "network_security_group_id": "/subscriptions/a8ae1b18-88ff-45ed-927d-8a3a20fc8cd1/resourceGroups/office-rg/providers/Microsoft.Network/networkSecurityGroups/office-mgmt-nsg",
            "subnet_id": "/subscriptions/a8ae1b18-88ff-45ed-927d-8a3a20fc8cd1/resourceGroups/office-rg/providers/Microsoft.Network/virtualNetworks/main-office-vnet/subnets/office-mgmt-subnet",
            "timeouts": null
          },
          "sensitive_attributes": [],
          "private": "eyJlMmJmYjczMC1lY2FhLTExZTYtOGY4OC0zNDM2M2JjN2M0YzAiOnsiY3JlYXRlIjoxODAwMDAwMDAwMDAwLCJkZWxldGUiOjE4MDAwMDAwMDAwMDAsInJlYWQiOjMwMDAwMDAwMDAwMH19",
          "dependencies": [
            "azurerm_network_security_group.office_mgmt_nsg",
            "azurerm_resource_group.office_rg",
            "azurerm_subnet.office_mgmt_subnet",
            "azurerm_virtual_network.office_network"
          ]
        }
      ]
    },
    {
      "mode": "managed",
      "type": "azurerm_subnet_route_table_association",
      "name": "spoke1_rt_spoke1_vnet_mgmt",
      "provider": "provider[\"registry.terraform.io/hashicorp/azurerm\"]",
      "instances": [
        {
          "schema_version": 0,
          "attributes": {
            "id": "/subscriptions/a8ae1b18-88ff-45ed-927d-8a3a20fc8cd1/resourceGroups/spoke1-rg/providers/Microsoft.Network/virtualNetworks/spoke1-vnet/subnets/mgmt",
            "route_table_id": "/subscriptions/a8ae1b18-88ff-45ed-927d-8a3a20fc8cd1/resourceGroups/hub-apps-rg/providers/Microsoft.Network/routeTables/spoke1-rt",
            "subnet_id": "/subscriptions/a8ae1b18-88ff-45ed-927d-8a3a20fc8cd1/resourceGroups/spoke1-rg/providers/Microsoft.Network/virtualNetworks/spoke1-vnet/subnets/mgmt",
            "timeouts": null
          },
          "sensitive_attributes": [],
          "private": "eyJlMmJmYjczMC1lY2FhLTExZTYtOGY4OC0zNDM2M2JjN2M0YzAiOnsiY3JlYXRlIjoxODAwMDAwMDAwMDAwLCJkZWxldGUiOjE4MDAwMDAwMDAwMDAsInJlYWQiOjMwMDAwMDAwMDAwMH19",
          "dependencies": [
            "azurerm_resource_group.hub_apps_rg",
            "azurerm_resource_group.spoke1_rg",
            "azurerm_route_table.spoke1_rt",
            "azurerm_subnet.spoke1_mgmt",
            "azurerm_virtual_network.spoke1_vnet"
          ]
        }
      ]
    },
    {
      "mode": "managed",
      "type": "azurerm_subnet_route_table_association",
      "name": "spoke1_rt_spoke1_vnet_workload",
      "provider": "provider[\"registry.terraform.io/hashicorp/azurerm\"]",
      "instances": [
        {
          "schema_version": 0,
          "attributes": {
            "id": "/subscriptions/a8ae1b18-88ff-45ed-927d-8a3a20fc8cd1/resourceGroups/spoke1-rg/providers/Microsoft.Network/virtualNetworks/spoke1-vnet/subnets/workload",
            "route_table_id": "/subscriptions/a8ae1b18-88ff-45ed-927d-8a3a20fc8cd1/resourceGroups/hub-apps-rg/providers/Microsoft.Network/routeTables/spoke1-rt",
            "subnet_id": "/subscriptions/a8ae1b18-88ff-45ed-927d-8a3a20fc8cd1/resourceGroups/spoke1-rg/providers/Microsoft.Network/virtualNetworks/spoke1-vnet/subnets/workload",
            "timeouts": null
          },
          "sensitive_attributes": [],
          "private": "eyJlMmJmYjczMC1lY2FhLTExZTYtOGY4OC0zNDM2M2JjN2M0YzAiOnsiY3JlYXRlIjoxODAwMDAwMDAwMDAwLCJkZWxldGUiOjE4MDAwMDAwMDAwMDAsInJlYWQiOjMwMDAwMDAwMDAwMH19",
          "dependencies": [
            "azurerm_resource_group.hub_apps_rg",
            "azurerm_resource_group.spoke1_rg",
            "azurerm_route_table.spoke1_rt",
            "azurerm_subnet.spoke1_workload",
            "azurerm_virtual_network.spoke1_vnet"
          ]
        }
      ]
    },
    {
      "mode": "managed",
      "type": "azurerm_subnet_route_table_association",
      "name": "spoke2_rt_spoke2_vnet_mgmt",
      "provider": "provider[\"registry.terraform.io/hashicorp/azurerm\"]",
      "instances": [
        {
          "schema_version": 0,
          "attributes": {
            "id": "/subscriptions/a8ae1b18-88ff-45ed-927d-8a3a20fc8cd1/resourceGroups/spoke2-rg/providers/Microsoft.Network/virtualNetworks/spoke2-vnet/subnets/mgmt",
            "route_table_id": "/subscriptions/a8ae1b18-88ff-45ed-927d-8a3a20fc8cd1/resourceGroups/hub-apps-rg/providers/Microsoft.Network/routeTables/spoke2-rt",
            "subnet_id": "/subscriptions/a8ae1b18-88ff-45ed-927d-8a3a20fc8cd1/resourceGroups/spoke2-rg/providers/Microsoft.Network/virtualNetworks/spoke2-vnet/subnets/mgmt",
            "timeouts": null
          },
          "sensitive_attributes": [],
          "private": "eyJlMmJmYjczMC1lY2FhLTExZTYtOGY4OC0zNDM2M2JjN2M0YzAiOnsiY3JlYXRlIjoxODAwMDAwMDAwMDAwLCJkZWxldGUiOjE4MDAwMDAwMDAwMDAsInJlYWQiOjMwMDAwMDAwMDAwMH19",
          "dependencies": [
            "azurerm_resource_group.hub_apps_rg",
            "azurerm_resource_group.spoke2_rg",
            "azurerm_route_table.spoke2_rt",
            "azurerm_subnet.spoke2_mgmt",
            "azurerm_virtual_network.spoke2_vnet"
          ]
        }
      ]
    },
    {
      "mode": "managed",
      "type": "azurerm_subnet_route_table_association",
      "name": "spoke2_rt_spoke2_vnet_workload",
      "provider": "provider[\"registry.terraform.io/hashicorp/azurerm\"]",
      "instances": [
        {
          "schema_version": 0,
          "attributes": {
            "id": "/subscriptions/a8ae1b18-88ff-45ed-927d-8a3a20fc8cd1/resourceGroups/spoke2-rg/providers/Microsoft.Network/virtualNetworks/spoke2-vnet/subnets/workload",
            "route_table_id": "/subscriptions/a8ae1b18-88ff-45ed-927d-8a3a20fc8cd1/resourceGroups/hub-apps-rg/providers/Microsoft.Network/routeTables/spoke2-rt",
            "subnet_id": "/subscriptions/a8ae1b18-88ff-45ed-927d-8a3a20fc8cd1/resourceGroups/spoke2-rg/providers/Microsoft.Network/virtualNetworks/spoke2-vnet/subnets/workload",
            "timeouts": null
          },
          "sensitive_attributes": [],
          "private": "eyJlMmJmYjczMC1lY2FhLTExZTYtOGY4OC0zNDM2M2JjN2M0YzAiOnsiY3JlYXRlIjoxODAwMDAwMDAwMDAwLCJkZWxldGUiOjE4MDAwMDAwMDAwMDAsInJlYWQiOjMwMDAwMDAwMDAwMH19",
          "dependencies": [
            "azurerm_resource_group.hub_apps_rg",
            "azurerm_resource_group.spoke2_rg",
            "azurerm_route_table.spoke2_rt",
            "azurerm_subnet.spoke2_workload",
            "azurerm_virtual_network.spoke2_vnet"
          ]
        }
      ]
    },
    {
      "mode": "managed",
      "type": "azurerm_virtual_machine",
      "name": "hub_nva_vm",
      "provider": "provider[\"registry.terraform.io/hashicorp/azurerm\"]",
      "instances": [
        {
          "schema_version": 0,
          "attributes": {
            "additional_capabilities": [],
            "availability_set_id": null,
            "boot_diagnostics": [],
            "delete_data_disks_on_termination": false,
            "delete_os_disk_on_termination": true,
            "id": "/subscriptions/a8ae1b18-88ff-45ed-927d-8a3a20fc8cd1/resourceGroups/hub-apps-rg/providers/Microsoft.Compute/virtualMachines/hub-nva-vm",
            "identity": [],
            "license_type": null,
            "location": "eastus",
            "name": "hub-nva-vm",
            "network_interface_ids": [
              "/subscriptions/a8ae1b18-88ff-45ed-927d-8a3a20fc8cd1/resourceGroups/hub-apps-rg/providers/Microsoft.Network/networkInterfaces/hub-nva-nic"
            ],
            "os_profile": [
              {
                "admin_password": "",
                "admin_username": "greg",
                "computer_name": "hub-nva-vm",
                "custom_data": ""
              }
            ],
            "os_profile_linux_config": [
              {
                "disable_password_authentication": false,
                "ssh_keys": []
              }
            ],
            "os_profile_secrets": [],
            "os_profile_windows_config": [],
            "plan": [],
            "primary_network_interface_id": null,
            "proximity_placement_group_id": null,
            "resource_group_name": "hub-apps-rg",
            "storage_data_disk": [],
            "storage_image_reference": [
              {
                "id": "",
                "offer": "UbuntuServer",
                "publisher": "Canonical",
                "sku": "16.04-LTS",
                "version": "latest"
              }
            ],
            "storage_os_disk": [
              {
                "caching": "ReadWrite",
                "create_option": "FromImage",
                "disk_size_gb": 30,
                "image_uri": "",
                "managed_disk_id": "/subscriptions/a8ae1b18-88ff-45ed-927d-8a3a20fc8cd1/resourceGroups/hub-apps-rg/providers/Microsoft.Compute/disks/myosdisk1",
                "managed_disk_type": "Standard_LRS",
                "name": "myosdisk1",
                "os_type": "Linux",
                "vhd_uri": "",
                "write_accelerator_enabled": false
              }
            ],
            "tags": {
              "environment": "hub-nva"
            },
            "timeouts": null,
            "vm_size": "Standard_DS1_v2",
            "zones": null
          },
          "sensitive_attributes": [
            [
              {
                "type": "get_attr",
                "value": "os_profile"
              }
            ]
          ],
          "private": "eyJlMmJmYjczMC1lY2FhLTExZTYtOGY4OC0zNDM2M2JjN2M0YzAiOnsiY3JlYXRlIjozNjAwMDAwMDAwMDAwLCJkZWxldGUiOjM2MDAwMDAwMDAwMDAsInJlYWQiOjMwMDAwMDAwMDAwMCwidXBkYXRlIjozNjAwMDAwMDAwMDAwfX0=",
          "dependencies": [
            "azurerm_network_interface.hub_nva_nic",
            "azurerm_resource_group.hub_apps_rg",
            "azurerm_resource_group.hub_net_rg",
            "azurerm_subnet.hub_dmz",
            "azurerm_virtual_network.hub_vnet"
          ]
        }
      ]
    },
    {
      "mode": "managed",
      "type": "azurerm_virtual_machine",
      "name": "office_vm_1",
      "provider": "provider[\"registry.terraform.io/hashicorp/azurerm\"]",
      "instances": [
        {
          "schema_version": 0,
          "attributes": {
            "additional_capabilities": [],
            "availability_set_id": null,
            "boot_diagnostics": [],
            "delete_data_disks_on_termination": false,
            "delete_os_disk_on_termination": true,
            "id": "/subscriptions/a8ae1b18-88ff-45ed-927d-8a3a20fc8cd1/resourceGroups/office-rg/providers/Microsoft.Compute/virtualMachines/office-vm",
            "identity": [],
            "license_type": null,
            "location": "eastus",
            "name": "office-vm",
            "network_interface_ids": [
              "/subscriptions/a8ae1b18-88ff-45ed-927d-8a3a20fc8cd1/resourceGroups/office-rg/providers/Microsoft.Network/networkInterfaces/office-nic-1"
            ],
            "os_profile": [
              {
                "admin_password": "",
                "admin_username": "greg",
                "computer_name": "office-vm-1",
                "custom_data": ""
              }
            ],
            "os_profile_linux_config": [
              {
                "disable_password_authentication": false,
                "ssh_keys": []
              }
            ],
            "os_profile_secrets": [],
            "os_profile_windows_config": [],
            "plan": [],
            "primary_network_interface_id": null,
            "proximity_placement_group_id": null,
            "resource_group_name": "office-rg",
            "storage_data_disk": [],
            "storage_image_reference": [
              {
                "id": "",
                "offer": "UbuntuServer",
                "publisher": "Canonical",
                "sku": "16.04-LTS",
                "version": "latest"
              }
            ],
            "storage_os_disk": [
              {
                "caching": "ReadWrite",
                "create_option": "FromImage",
                "disk_size_gb": 30,
                "image_uri": "",
                "managed_disk_id": "/subscriptions/a8ae1b18-88ff-45ed-927d-8a3a20fc8cd1/resourceGroups/office-rg/providers/Microsoft.Compute/disks/myosdisk1",
                "managed_disk_type": "Standard_LRS",
                "name": "myosdisk1",
                "os_type": "Linux",
                "vhd_uri": "",
                "write_accelerator_enabled": false
              }
            ],
            "tags": {
              "environment": "office"
            },
            "timeouts": null,
            "vm_size": "Standard_DS1_v2",
            "zones": null
          },
          "sensitive_attributes": [
            [
              {
                "type": "get_attr",
                "value": "os_profile"
              }
            ]
          ],
          "private": "eyJlMmJmYjczMC1lY2FhLTExZTYtOGY4OC0zNDM2M2JjN2M0YzAiOnsiY3JlYXRlIjozNjAwMDAwMDAwMDAwLCJkZWxldGUiOjM2MDAwMDAwMDAwMDAsInJlYWQiOjMwMDAwMDAwMDAwMCwidXBkYXRlIjozNjAwMDAwMDAwMDAwfX0=",
          "dependencies": [
            "azurerm_network_interface.office_nic_1",
            "azurerm_public_ip.office_vm_public_ip",
            "azurerm_resource_group.office_rg",
            "azurerm_subnet.office_mgmt_subnet",
            "azurerm_virtual_network.office_network"
          ]
        }
      ]
    },
    {
      "mode": "managed",
      "type": "azurerm_virtual_machine",
      "name": "spoke1_vm",
      "provider": "provider[\"registry.terraform.io/hashicorp/azurerm\"]",
      "instances": [
        {
          "schema_version": 0,
          "attributes": {
            "additional_capabilities": [],
            "availability_set_id": null,
            "boot_diagnostics": [],
            "delete_data_disks_on_termination": false,
            "delete_os_disk_on_termination": true,
            "id": "/subscriptions/a8ae1b18-88ff-45ed-927d-8a3a20fc8cd1/resourceGroups/spoke1-rg/providers/Microsoft.Compute/virtualMachines/spoke1-vm",
            "identity": [],
            "license_type": null,
            "location": "eastus",
            "name": "spoke1-vm",
            "network_interface_ids": [
              "/subscriptions/a8ae1b18-88ff-45ed-927d-8a3a20fc8cd1/resourceGroups/spoke1-rg/providers/Microsoft.Network/networkInterfaces/spoke1-vm-nic"
            ],
            "os_profile": [
              {
                "admin_password": "",
                "admin_username": "greg",
                "computer_name": "spoke1-vm",
                "custom_data": ""
              }
            ],
            "os_profile_linux_config": [
              {
                "disable_password_authentication": false,
                "ssh_keys": []
              }
            ],
            "os_profile_secrets": [],
            "os_profile_windows_config": [],
            "plan": [],
            "primary_network_interface_id": null,
            "proximity_placement_group_id": null,
            "resource_group_name": "spoke1-rg",
            "storage_data_disk": [],
            "storage_image_reference": [
              {
                "id": "",
                "offer": "UbuntuServer",
                "publisher": "Canonical",
                "sku": "16.04-LTS",
                "version": "latest"
              }
            ],
            "storage_os_disk": [
              {
                "caching": "ReadWrite",
                "create_option": "FromImage",
                "disk_size_gb": 30,
                "image_uri": "",
                "managed_disk_id": "/subscriptions/a8ae1b18-88ff-45ed-927d-8a3a20fc8cd1/resourceGroups/spoke1-rg/providers/Microsoft.Compute/disks/myosdisk1",
                "managed_disk_type": "Standard_LRS",
                "name": "myosdisk1",
                "os_type": "Linux",
                "vhd_uri": "",
                "write_accelerator_enabled": false
              }
            ],
            "tags": {
              "environment": "spoke1"
            },
            "timeouts": null,
            "vm_size": "Standard_DS1_v2",
            "zones": null
          },
          "sensitive_attributes": [
            [
              {
                "type": "get_attr",
                "value": "os_profile"
              }
            ]
          ],
          "private": "eyJlMmJmYjczMC1lY2FhLTExZTYtOGY4OC0zNDM2M2JjN2M0YzAiOnsiY3JlYXRlIjozNjAwMDAwMDAwMDAwLCJkZWxldGUiOjM2MDAwMDAwMDAwMDAsInJlYWQiOjMwMDAwMDAwMDAwMCwidXBkYXRlIjozNjAwMDAwMDAwMDAwfX0=",
          "dependencies": [
            "azurerm_network_interface.spoke1_nic",
            "azurerm_resource_group.spoke1_rg",
            "azurerm_subnet.spoke1_mgmt",
            "azurerm_virtual_network.spoke1_vnet"
          ]
        }
      ]
    },
    {
      "mode": "managed",
      "type": "azurerm_virtual_machine",
      "name": "spoke2_vm",
      "provider": "provider[\"registry.terraform.io/hashicorp/azurerm\"]",
      "instances": [
        {
          "schema_version": 0,
          "attributes": {
            "additional_capabilities": [],
            "availability_set_id": null,
            "boot_diagnostics": [],
            "delete_data_disks_on_termination": false,
            "delete_os_disk_on_termination": true,
            "id": "/subscriptions/a8ae1b18-88ff-45ed-927d-8a3a20fc8cd1/resourceGroups/spoke2-rg/providers/Microsoft.Compute/virtualMachines/spoke2-vm",
            "identity": [],
            "license_type": null,
            "location": "eastus",
            "name": "spoke2-vm",
            "network_interface_ids": [
              "/subscriptions/a8ae1b18-88ff-45ed-927d-8a3a20fc8cd1/resourceGroups/spoke2-rg/providers/Microsoft.Network/networkInterfaces/spoke2-vm-nic"
            ],
            "os_profile": [
              {
                "admin_password": "",
                "admin_username": "greg",
                "computer_name": "spoke2-vm",
                "custom_data": ""
              }
            ],
            "os_profile_linux_config": [
              {
                "disable_password_authentication": false,
                "ssh_keys": []
              }
            ],
            "os_profile_secrets": [],
            "os_profile_windows_config": [],
            "plan": [],
            "primary_network_interface_id": null,
            "proximity_placement_group_id": null,
            "resource_group_name": "spoke2-rg",
            "storage_data_disk": [],
            "storage_image_reference": [
              {
                "id": "",
                "offer": "UbuntuServer",
                "publisher": "Canonical",
                "sku": "16.04-LTS",
                "version": "latest"
              }
            ],
            "storage_os_disk": [
              {
                "caching": "ReadWrite",
                "create_option": "FromImage",
                "disk_size_gb": 30,
                "image_uri": "",
                "managed_disk_id": "/subscriptions/a8ae1b18-88ff-45ed-927d-8a3a20fc8cd1/resourceGroups/spoke2-rg/providers/Microsoft.Compute/disks/myosdisk1",
                "managed_disk_type": "Standard_LRS",
                "name": "myosdisk1",
                "os_type": "Linux",
                "vhd_uri": "",
                "write_accelerator_enabled": false
              }
            ],
            "tags": {
              "environment": "spoke2"
            },
            "timeouts": null,
            "vm_size": "Standard_DS1_v2",
            "zones": null
          },
          "sensitive_attributes": [
            [
              {
                "type": "get_attr",
                "value": "os_profile"
              }
            ]
          ],
          "private": "eyJlMmJmYjczMC1lY2FhLTExZTYtOGY4OC0zNDM2M2JjN2M0YzAiOnsiY3JlYXRlIjozNjAwMDAwMDAwMDAwLCJkZWxldGUiOjM2MDAwMDAwMDAwMDAsInJlYWQiOjMwMDAwMDAwMDAwMCwidXBkYXRlIjozNjAwMDAwMDAwMDAwfX0=",
          "dependencies": [
            "azurerm_network_interface.spoke2_nic",
            "azurerm_resource_group.spoke2_rg",
            "azurerm_subnet.spoke2_mgmt",
            "azurerm_virtual_network.spoke2_vnet"
          ]
        }
      ]
    },
    {
      "mode": "managed",
      "type": "azurerm_virtual_machine_extension",
      "name": "enable_routes",
      "provider": "provider[\"registry.terraform.io/hashicorp/azurerm\"]",
      "instances": [
        {
          "schema_version": 0,
          "attributes": {
            "auto_upgrade_minor_version": false,
            "automatic_upgrade_enabled": false,
            "failure_suppression_enabled": false,
            "id": "/subscriptions/a8ae1b18-88ff-45ed-927d-8a3a20fc8cd1/resourceGroups/hub-apps-rg/providers/Microsoft.Compute/virtualMachines/hub-nva-vm/extensions/enable-ip-forwarding",
            "name": "enable-ip-forwarding",
            "protected_settings": null,
            "protected_settings_from_key_vault": [],
            "provision_after_extensions": null,
            "publisher": "Microsoft.Azure.Extensions",
            "settings": "{\"commandToExecute\":\"echo 1 \\u003e /proc/sys/net/ipv4/ip_forward\"}",
            "tags": {
              "environment": "hub-nva"
            },
            "timeouts": null,
            "type": "CustomScript",
            "type_handler_version": "2.1",
            "virtual_machine_id": "/subscriptions/a8ae1b18-88ff-45ed-927d-8a3a20fc8cd1/resourceGroups/hub-apps-rg/providers/Microsoft.Compute/virtualMachines/hub-nva-vm"
          },
          "sensitive_attributes": [],
          "private": "eyJlMmJmYjczMC1lY2FhLTExZTYtOGY4OC0zNDM2M2JjN2M0YzAiOnsiY3JlYXRlIjoxODAwMDAwMDAwMDAwLCJkZWxldGUiOjE4MDAwMDAwMDAwMDAsInJlYWQiOjMwMDAwMDAwMDAwMCwidXBkYXRlIjoxODAwMDAwMDAwMDAwfX0=",
          "dependencies": [
            "azurerm_network_interface.hub_nva_nic",
            "azurerm_resource_group.hub_apps_rg",
            "azurerm_resource_group.hub_net_rg",
            "azurerm_subnet.hub_dmz",
            "azurerm_virtual_machine.hub_nva_vm",
            "azurerm_virtual_network.hub_vnet"
          ]
        }
      ]
    },
    {
      "mode": "managed",
      "type": "azurerm_virtual_network",
      "name": "hub_vnet",
      "provider": "provider[\"registry.terraform.io/hashicorp/azurerm\"]",
      "instances": [
        {
          "schema_version": 0,
          "attributes": {
            "address_space": [
              "10.0.0.0/16"
            ],
            "bgp_community": "",
            "ddos_protection_plan": [],
            "dns_servers": [],
            "edge_zone": "",
            "encryption": [],
            "flow_timeout_in_minutes": 0,
            "guid": "369ba0ca-7bd3-4cfc-9690-efde270f20d5",
            "id": "/subscriptions/a8ae1b18-88ff-45ed-927d-8a3a20fc8cd1/resourceGroups/hub-net-rg/providers/Microsoft.Network/virtualNetworks/hub-vnet",
            "location": "eastus",
            "name": "hub-vnet",
            "resource_group_name": "hub-net-rg",
            "subnet": [],
            "tags": {
              "environment": "hub-spoke"
            },
            "timeouts": null
          },
          "sensitive_attributes": [],
          "private": "eyJlMmJmYjczMC1lY2FhLTExZTYtOGY4OC0zNDM2M2JjN2M0YzAiOnsiY3JlYXRlIjoxODAwMDAwMDAwMDAwLCJkZWxldGUiOjE4MDAwMDAwMDAwMDAsInJlYWQiOjMwMDAwMDAwMDAwMCwidXBkYXRlIjoxODAwMDAwMDAwMDAwfX0=",
          "dependencies": [
            "azurerm_resource_group.hub_net_rg"
          ]
        }
      ]
    },
    {
      "mode": "managed",
      "type": "azurerm_virtual_network",
      "name": "office_network",
      "provider": "provider[\"registry.terraform.io/hashicorp/azurerm\"]",
      "instances": [
        {
          "schema_version": 0,
          "attributes": {
            "address_space": [
              "192.168.0.0/16"
            ],
            "bgp_community": "",
            "ddos_protection_plan": [],
            "dns_servers": [],
            "edge_zone": "",
            "encryption": [],
            "flow_timeout_in_minutes": 0,
            "guid": "477e62b2-1cd2-4b2a-9db9-c345403191aa",
            "id": "/subscriptions/a8ae1b18-88ff-45ed-927d-8a3a20fc8cd1/resourceGroups/office-rg/providers/Microsoft.Network/virtualNetworks/main-office-vnet",
            "location": "eastus",
            "name": "main-office-vnet",
            "resource_group_name": "office-rg",
            "subnet": [],
            "tags": null,
            "timeouts": null
          },
          "sensitive_attributes": [],
          "private": "eyJlMmJmYjczMC1lY2FhLTExZTYtOGY4OC0zNDM2M2JjN2M0YzAiOnsiY3JlYXRlIjoxODAwMDAwMDAwMDAwLCJkZWxldGUiOjE4MDAwMDAwMDAwMDAsInJlYWQiOjMwMDAwMDAwMDAwMCwidXBkYXRlIjoxODAwMDAwMDAwMDAwfX0=",
          "dependencies": [
            "azurerm_resource_group.office_rg"
          ]
        }
      ]
    },
    {
      "mode": "managed",
      "type": "azurerm_virtual_network",
      "name": "spoke1_vnet",
      "provider": "provider[\"registry.terraform.io/hashicorp/azurerm\"]",
      "instances": [
        {
          "schema_version": 0,
          "attributes": {
            "address_space": [
              "10.1.0.0/16"
            ],
            "bgp_community": "",
            "ddos_protection_plan": [],
            "dns_servers": [],
            "edge_zone": "",
            "encryption": [],
            "flow_timeout_in_minutes": 0,
            "guid": "6490cd34-2f40-43c8-8555-c78824f2ff73",
            "id": "/subscriptions/a8ae1b18-88ff-45ed-927d-8a3a20fc8cd1/resourceGroups/spoke1-rg/providers/Microsoft.Network/virtualNetworks/spoke1-vnet",
            "location": "eastus",
            "name": "spoke1-vnet",
            "resource_group_name": "spoke1-rg",
            "subnet": [],
            "tags": {
              "environment": "spoke1"
            },
            "timeouts": null
          },
          "sensitive_attributes": [],
          "private": "eyJlMmJmYjczMC1lY2FhLTExZTYtOGY4OC0zNDM2M2JjN2M0YzAiOnsiY3JlYXRlIjoxODAwMDAwMDAwMDAwLCJkZWxldGUiOjE4MDAwMDAwMDAwMDAsInJlYWQiOjMwMDAwMDAwMDAwMCwidXBkYXRlIjoxODAwMDAwMDAwMDAwfX0=",
          "dependencies": [
            "azurerm_resource_group.spoke1_rg"
          ]
        }
      ]
    },
    {
      "mode": "managed",
      "type": "azurerm_virtual_network",
      "name": "spoke2_vnet",
      "provider": "provider[\"registry.terraform.io/hashicorp/azurerm\"]",
      "instances": [
        {
          "schema_version": 0,
          "attributes": {
            "address_space": [
              "10.2.0.0/16"
            ],
            "bgp_community": "",
            "ddos_protection_plan": [],
            "dns_servers": [],
            "edge_zone": "",
            "encryption": [],
            "flow_timeout_in_minutes": 0,
            "guid": "3e7de71c-1e6d-4ac5-834c-fe130ddeb748",
            "id": "/subscriptions/a8ae1b18-88ff-45ed-927d-8a3a20fc8cd1/resourceGroups/spoke2-rg/providers/Microsoft.Network/virtualNetworks/spoke2-vnet",
            "location": "eastus",
            "name": "spoke2-vnet",
            "resource_group_name": "spoke2-rg",
            "subnet": [],
            "tags": {
              "environment": "spoke2"
            },
            "timeouts": null
          },
          "sensitive_attributes": [],
          "private": "eyJlMmJmYjczMC1lY2FhLTExZTYtOGY4OC0zNDM2M2JjN2M0YzAiOnsiY3JlYXRlIjoxODAwMDAwMDAwMDAwLCJkZWxldGUiOjE4MDAwMDAwMDAwMDAsInJlYWQiOjMwMDAwMDAwMDAwMCwidXBkYXRlIjoxODAwMDAwMDAwMDAwfX0=",
          "dependencies": [
            "azurerm_resource_group.spoke2_rg"
          ]
        }
      ]
    },
    {
      "mode": "managed",
      "type": "azurerm_virtual_network_gateway",
      "name": "hub_vnet_gateway",
      "provider": "provider[\"registry.terraform.io/hashicorp/azurerm\"]",
      "instances": [
        {
          "schema_version": 0,
          "attributes": {
            "active_active": false,
            "bgp_route_translation_for_nat_enabled": false,
            "bgp_settings": [
              {
                "asn": 65515,
                "peer_weight": 0,
                "peering_addresses": [
                  {
                    "apipa_addresses": [],
                    "default_addresses": [
                      "10.0.255.254"
                    ],
                    "ip_configuration_name": "vnetGatewayConfig",
                    "tunnel_ip_addresses": [
                      "104.45.192.139"
                    ]
                  }
                ]
              }
            ],
            "custom_route": [],
            "default_local_network_gateway_id": null,
            "dns_forwarding_enabled": false,
            "edge_zone": "",
            "enable_bgp": false,
            "generation": "Generation1",
            "id": "/subscriptions/a8ae1b18-88ff-45ed-927d-8a3a20fc8cd1/resourceGroups/hub-net-rg/providers/Microsoft.Network/virtualNetworkGateways/hub-vpn-gateway1",
            "ip_configuration": [
              {
                "name": "vnetGatewayConfig",
                "private_ip_address_allocation": "Dynamic",
                "public_ip_address_id": "/subscriptions/a8ae1b18-88ff-45ed-927d-8a3a20fc8cd1/resourceGroups/hub-net-rg/providers/Microsoft.Network/publicIPAddresses/hub-public-ip",
                "subnet_id": "/subscriptions/a8ae1b18-88ff-45ed-927d-8a3a20fc8cd1/resourceGroups/hub-net-rg/providers/Microsoft.Network/virtualNetworks/hub-vnet/subnets/GatewaySubnet"
              }
            ],
            "ip_sec_replay_protection_enabled": true,
            "location": "eastus",
            "name": "hub-vpn-gateway1",
            "policy_group": [],
            "private_ip_address_enabled": false,
            "remote_vnet_traffic_enabled": false,
            "resource_group_name": "hub-net-rg",
            "sku": "VpnGw1",
            "tags": null,
            "timeouts": null,
            "type": "Vpn",
            "virtual_wan_traffic_enabled": false,
            "vpn_client_configuration": [],
            "vpn_type": "RouteBased"
          },
          "sensitive_attributes": [],
          "private": "eyJlMmJmYjczMC1lY2FhLTExZTYtOGY4OC0zNDM2M2JjN2M0YzAiOnsiY3JlYXRlIjo1NDAwMDAwMDAwMDAwLCJkZWxldGUiOjM2MDAwMDAwMDAwMDAsInJlYWQiOjMwMDAwMDAwMDAwMCwidXBkYXRlIjozNjAwMDAwMDAwMDAwfX0=",
          "dependencies": [
            "azurerm_public_ip.hub_public_ip",
            "azurerm_resource_group.hub_net_rg",
            "azurerm_subnet.hub_gateway_subnet",
            "azurerm_virtual_network.hub_vnet"
          ]
        }
      ]
    },
    {
      "mode": "managed",
      "type": "azurerm_virtual_network_gateway",
      "name": "office_vpn_gateway",
      "provider": "provider[\"registry.terraform.io/hashicorp/azurerm\"]",
      "instances": [
        {
          "schema_version": 0,
          "attributes": {
            "active_active": false,
            "bgp_route_translation_for_nat_enabled": false,
            "bgp_settings": [
              {
                "asn": 65515,
                "peer_weight": 0,
                "peering_addresses": [
                  {
                    "apipa_addresses": [],
                    "default_addresses": [
                      "192.168.255.254"
                    ],
                    "ip_configuration_name": "vnetGatewayConfig",
                    "tunnel_ip_addresses": [
                      "172.171.239.85"
                    ]
                  }
                ]
              }
            ],
            "custom_route": [],
            "default_local_network_gateway_id": null,
            "dns_forwarding_enabled": false,
            "edge_zone": "",
            "enable_bgp": false,
            "generation": "Generation1",
            "id": "/subscriptions/a8ae1b18-88ff-45ed-927d-8a3a20fc8cd1/resourceGroups/office-rg/providers/Microsoft.Network/virtualNetworkGateways/office-vpn-gateway1",
            "ip_configuration": [
              {
                "name": "vnetGatewayConfig",
                "private_ip_address_allocation": "Dynamic",
                "public_ip_address_id": "/subscriptions/a8ae1b18-88ff-45ed-927d-8a3a20fc8cd1/resourceGroups/office-rg/providers/Microsoft.Network/publicIPAddresses/office-public-ip",
                "subnet_id": "/subscriptions/a8ae1b18-88ff-45ed-927d-8a3a20fc8cd1/resourceGroups/office-rg/providers/Microsoft.Network/virtualNetworks/main-office-vnet/subnets/GatewaySubnet"
              }
            ],
            "ip_sec_replay_protection_enabled": true,
            "location": "eastus",
            "name": "office-vpn-gateway1",
            "policy_group": [],
            "private_ip_address_enabled": false,
            "remote_vnet_traffic_enabled": false,
            "resource_group_name": "office-rg",
            "sku": "VpnGw1",
            "tags": null,
            "timeouts": null,
            "type": "Vpn",
            "virtual_wan_traffic_enabled": false,
            "vpn_client_configuration": [],
            "vpn_type": "RouteBased"
          },
          "sensitive_attributes": [],
          "private": "eyJlMmJmYjczMC1lY2FhLTExZTYtOGY4OC0zNDM2M2JjN2M0YzAiOnsiY3JlYXRlIjo1NDAwMDAwMDAwMDAwLCJkZWxldGUiOjM2MDAwMDAwMDAwMDAsInJlYWQiOjMwMDAwMDAwMDAwMCwidXBkYXRlIjozNjAwMDAwMDAwMDAwfX0=",
          "dependencies": [
            "azurerm_public_ip.office_public_ip",
            "azurerm_resource_group.office_rg",
            "azurerm_subnet.office_gateway_subnet",
            "azurerm_virtual_network.office_network"
          ]
        }
      ]
    },
    {
      "mode": "managed",
      "type": "azurerm_virtual_network_gateway_connection",
      "name": "hub_office_conn",
      "provider": "provider[\"registry.terraform.io/hashicorp/azurerm\"]",
      "instances": [
        {
          "schema_version": 0,
          "attributes": {
            "authorization_key": "",
            "connection_mode": "Default",
            "connection_protocol": "IKEv2",
            "custom_bgp_addresses": [],
            "dpd_timeout_seconds": 0,
            "egress_nat_rule_ids": null,
            "enable_bgp": false,
            "express_route_circuit_id": null,
            "express_route_gateway_bypass": false,
            "id": "/subscriptions/a8ae1b18-88ff-45ed-927d-8a3a20fc8cd1/resourceGroups/hub-net-rg/providers/Microsoft.Network/connections/hub-office-conn",
            "ingress_nat_rule_ids": null,
            "ipsec_policy": [],
            "local_azure_ip_address_enabled": false,
            "local_network_gateway_id": null,
            "location": "eastus",
            "name": "hub-office-conn",
            "peer_virtual_network_gateway_id": "/subscriptions/a8ae1b18-88ff-45ed-927d-8a3a20fc8cd1/resourceGroups/office-rg/providers/Microsoft.Network/virtualNetworkGateways/office-vpn-gateway1",
            "resource_group_name": "hub-net-rg",
            "routing_weight": 1,
            "shared_key": "MbE5CZsZPWQbnkWxYGGuCNHVhWnyKEGPZM7kFFjJdc2BMj3KTPEX5h4Gc5tZGif7SxGDpdMkxVmB8P48kn6",
            "tags": null,
            "timeouts": null,
            "traffic_selector_policy": [],
            "type": "Vnet2Vnet",
            "use_policy_based_traffic_selectors": false,
            "virtual_network_gateway_id": "/subscriptions/a8ae1b18-88ff-45ed-927d-8a3a20fc8cd1/resourceGroups/hub-net-rg/providers/Microsoft.Network/virtualNetworkGateways/hub-vpn-gateway1"
          },
          "sensitive_attributes": [
            [
              {
                "type": "get_attr",
                "value": "shared_key"
              }
            ]
          ],
          "private": "eyJlMmJmYjczMC1lY2FhLTExZTYtOGY4OC0zNDM2M2JjN2M0YzAiOnsiY3JlYXRlIjoxODAwMDAwMDAwMDAwLCJkZWxldGUiOjE4MDAwMDAwMDAwMDAsInJlYWQiOjMwMDAwMDAwMDAwMCwidXBkYXRlIjoxODAwMDAwMDAwMDAwfX0=",
          "dependencies": [
            "azurerm_public_ip.hub_public_ip",
            "azurerm_public_ip.office_public_ip",
            "azurerm_resource_group.hub_net_rg",
            "azurerm_resource_group.office_rg",
            "azurerm_subnet.hub_gateway_subnet",
            "azurerm_subnet.office_gateway_subnet",
            "azurerm_virtual_network.hub_vnet",
            "azurerm_virtual_network.office_network",
            "azurerm_virtual_network_gateway.hub_vnet_gateway",
            "azurerm_virtual_network_gateway.office_vpn_gateway"
          ]
        }
      ]
    },
    {
      "mode": "managed",
      "type": "azurerm_virtual_network_gateway_connection",
      "name": "office_hub_conn",
      "provider": "provider[\"registry.terraform.io/hashicorp/azurerm\"]",
      "instances": [
        {
          "schema_version": 0,
          "attributes": {
            "authorization_key": "",
            "connection_mode": "Default",
            "connection_protocol": "IKEv2",
            "custom_bgp_addresses": [],
            "dpd_timeout_seconds": 0,
            "egress_nat_rule_ids": null,
            "enable_bgp": false,
            "express_route_circuit_id": null,
            "express_route_gateway_bypass": false,
            "id": "/subscriptions/a8ae1b18-88ff-45ed-927d-8a3a20fc8cd1/resourceGroups/hub-net-rg/providers/Microsoft.Network/connections/office-hub-conn",
            "ingress_nat_rule_ids": null,
            "ipsec_policy": [],
            "local_azure_ip_address_enabled": false,
            "local_network_gateway_id": null,
            "location": "eastus",
            "name": "office-hub-conn",
            "peer_virtual_network_gateway_id": "/subscriptions/a8ae1b18-88ff-45ed-927d-8a3a20fc8cd1/resourceGroups/hub-net-rg/providers/Microsoft.Network/virtualNetworkGateways/hub-vpn-gateway1",
            "resource_group_name": "hub-net-rg",
            "routing_weight": 1,
            "shared_key": "MbE5CZsZPWQbnkWxYGGuCNHVhWnyKEGPZM7kFFjJdc2BMj3KTPEX5h4Gc5tZGif7SxGDpdMkxVmB8P48kn6",
            "tags": null,
            "timeouts": null,
            "traffic_selector_policy": [],
            "type": "Vnet2Vnet",
            "use_policy_based_traffic_selectors": false,
            "virtual_network_gateway_id": "/subscriptions/a8ae1b18-88ff-45ed-927d-8a3a20fc8cd1/resourceGroups/office-rg/providers/Microsoft.Network/virtualNetworkGateways/office-vpn-gateway1"
          },
          "sensitive_attributes": [
            [
              {
                "type": "get_attr",
                "value": "shared_key"
              }
            ]
          ],
          "private": "eyJlMmJmYjczMC1lY2FhLTExZTYtOGY4OC0zNDM2M2JjN2M0YzAiOnsiY3JlYXRlIjoxODAwMDAwMDAwMDAwLCJkZWxldGUiOjE4MDAwMDAwMDAwMDAsInJlYWQiOjMwMDAwMDAwMDAwMCwidXBkYXRlIjoxODAwMDAwMDAwMDAwfX0=",
          "dependencies": [
            "azurerm_public_ip.hub_public_ip",
            "azurerm_public_ip.office_public_ip",
            "azurerm_resource_group.hub_net_rg",
            "azurerm_resource_group.office_rg",
            "azurerm_subnet.hub_gateway_subnet",
            "azurerm_subnet.office_gateway_subnet",
            "azurerm_virtual_network.hub_vnet",
            "azurerm_virtual_network.office_network",
            "azurerm_virtual_network_gateway.hub_vnet_gateway",
            "azurerm_virtual_network_gateway.office_vpn_gateway"
          ]
        }
      ]
    },
    {
      "mode": "managed",
      "type": "azurerm_virtual_network_peering",
      "name": "hub_spoke1_peer",
      "provider": "provider[\"registry.terraform.io/hashicorp/azurerm\"]",
      "instances": [
        {
          "schema_version": 0,
          "attributes": {
            "allow_forwarded_traffic": true,
            "allow_gateway_transit": true,
            "allow_virtual_network_access": true,
            "id": "/subscriptions/a8ae1b18-88ff-45ed-927d-8a3a20fc8cd1/resourceGroups/hub-net-rg/providers/Microsoft.Network/virtualNetworks/hub-vnet/virtualNetworkPeerings/hub-spoke1-peer",
            "name": "hub-spoke1-peer",
            "remote_virtual_network_id": "/subscriptions/a8ae1b18-88ff-45ed-927d-8a3a20fc8cd1/resourceGroups/spoke1-rg/providers/Microsoft.Network/virtualNetworks/spoke1-vnet",
            "resource_group_name": "hub-net-rg",
            "timeouts": null,
            "triggers": null,
            "use_remote_gateways": false,
            "virtual_network_name": "hub-vnet"
          },
          "sensitive_attributes": [],
          "private": "eyJlMmJmYjczMC1lY2FhLTExZTYtOGY4OC0zNDM2M2JjN2M0YzAiOnsiY3JlYXRlIjoxODAwMDAwMDAwMDAwLCJkZWxldGUiOjE4MDAwMDAwMDAwMDAsInJlYWQiOjMwMDAwMDAwMDAwMCwidXBkYXRlIjoxODAwMDAwMDAwMDAwfX0=",
          "dependencies": [
            "azurerm_public_ip.hub_public_ip",
            "azurerm_resource_group.hub_net_rg",
            "azurerm_resource_group.spoke1_rg",
            "azurerm_subnet.hub_gateway_subnet",
            "azurerm_virtual_network.hub_vnet",
            "azurerm_virtual_network.spoke1_vnet",
            "azurerm_virtual_network_gateway.hub_vnet_gateway"
          ]
        }
      ]
    },
    {
      "mode": "managed",
      "type": "azurerm_virtual_network_peering",
      "name": "hub_spoke2_peer",
      "provider": "provider[\"registry.terraform.io/hashicorp/azurerm\"]",
      "instances": [
        {
          "schema_version": 0,
          "attributes": {
            "allow_forwarded_traffic": true,
            "allow_gateway_transit": true,
            "allow_virtual_network_access": true,
            "id": "/subscriptions/a8ae1b18-88ff-45ed-927d-8a3a20fc8cd1/resourceGroups/hub-net-rg/providers/Microsoft.Network/virtualNetworks/hub-vnet/virtualNetworkPeerings/hub-spoke2-peer",
            "name": "hub-spoke2-peer",
            "remote_virtual_network_id": "/subscriptions/a8ae1b18-88ff-45ed-927d-8a3a20fc8cd1/resourceGroups/spoke2-rg/providers/Microsoft.Network/virtualNetworks/spoke2-vnet",
            "resource_group_name": "hub-net-rg",
            "timeouts": null,
            "triggers": null,
            "use_remote_gateways": false,
            "virtual_network_name": "hub-vnet"
          },
          "sensitive_attributes": [],
          "private": "eyJlMmJmYjczMC1lY2FhLTExZTYtOGY4OC0zNDM2M2JjN2M0YzAiOnsiY3JlYXRlIjoxODAwMDAwMDAwMDAwLCJkZWxldGUiOjE4MDAwMDAwMDAwMDAsInJlYWQiOjMwMDAwMDAwMDAwMCwidXBkYXRlIjoxODAwMDAwMDAwMDAwfX0=",
          "dependencies": [
            "azurerm_public_ip.hub_public_ip",
            "azurerm_resource_group.hub_net_rg",
            "azurerm_resource_group.spoke2_rg",
            "azurerm_subnet.hub_gateway_subnet",
            "azurerm_virtual_network.hub_vnet",
            "azurerm_virtual_network.spoke2_vnet",
            "azurerm_virtual_network_gateway.hub_vnet_gateway"
          ]
        }
      ]
    },
    {
      "mode": "managed",
      "type": "azurerm_virtual_network_peering",
      "name": "spoke1_hub_peer",
      "provider": "provider[\"registry.terraform.io/hashicorp/azurerm\"]",
      "instances": [
        {
          "schema_version": 0,
          "attributes": {
            "allow_forwarded_traffic": true,
            "allow_gateway_transit": false,
            "allow_virtual_network_access": true,
            "id": "/subscriptions/a8ae1b18-88ff-45ed-927d-8a3a20fc8cd1/resourceGroups/spoke1-rg/providers/Microsoft.Network/virtualNetworks/spoke1-vnet/virtualNetworkPeerings/spoke1-hub-peer",
            "name": "spoke1-hub-peer",
            "remote_virtual_network_id": "/subscriptions/a8ae1b18-88ff-45ed-927d-8a3a20fc8cd1/resourceGroups/hub-net-rg/providers/Microsoft.Network/virtualNetworks/hub-vnet",
            "resource_group_name": "spoke1-rg",
            "timeouts": null,
            "triggers": null,
            "use_remote_gateways": true,
            "virtual_network_name": "spoke1-vnet"
          },
          "sensitive_attributes": [],
          "private": "eyJlMmJmYjczMC1lY2FhLTExZTYtOGY4OC0zNDM2M2JjN2M0YzAiOnsiY3JlYXRlIjoxODAwMDAwMDAwMDAwLCJkZWxldGUiOjE4MDAwMDAwMDAwMDAsInJlYWQiOjMwMDAwMDAwMDAwMCwidXBkYXRlIjoxODAwMDAwMDAwMDAwfX0=",
          "dependencies": [
            "azurerm_public_ip.hub_public_ip",
            "azurerm_resource_group.hub_net_rg",
            "azurerm_resource_group.spoke1_rg",
            "azurerm_subnet.hub_gateway_subnet",
            "azurerm_virtual_network.hub_vnet",
            "azurerm_virtual_network.spoke1_vnet",
            "azurerm_virtual_network_gateway.hub_vnet_gateway"
          ]
        }
      ]
    },
    {
      "mode": "managed",
      "type": "azurerm_virtual_network_peering",
      "name": "spoke2_hub_peer",
      "provider": "provider[\"registry.terraform.io/hashicorp/azurerm\"]",
      "instances": [
        {
          "schema_version": 0,
          "attributes": {
            "allow_forwarded_traffic": true,
            "allow_gateway_transit": false,
            "allow_virtual_network_access": true,
            "id": "/subscriptions/a8ae1b18-88ff-45ed-927d-8a3a20fc8cd1/resourceGroups/spoke2-rg/providers/Microsoft.Network/virtualNetworks/spoke2-vnet/virtualNetworkPeerings/spoke2-hub-peer",
            "name": "spoke2-hub-peer",
            "remote_virtual_network_id": "/subscriptions/a8ae1b18-88ff-45ed-927d-8a3a20fc8cd1/resourceGroups/hub-net-rg/providers/Microsoft.Network/virtualNetworks/hub-vnet",
            "resource_group_name": "spoke2-rg",
            "timeouts": null,
            "triggers": null,
            "use_remote_gateways": true,
            "virtual_network_name": "spoke2-vnet"
          },
          "sensitive_attributes": [],
          "private": "eyJlMmJmYjczMC1lY2FhLTExZTYtOGY4OC0zNDM2M2JjN2M0YzAiOnsiY3JlYXRlIjoxODAwMDAwMDAwMDAwLCJkZWxldGUiOjE4MDAwMDAwMDAwMDAsInJlYWQiOjMwMDAwMDAwMDAwMCwidXBkYXRlIjoxODAwMDAwMDAwMDAwfX0=",
          "dependencies": [
            "azurerm_public_ip.hub_public_ip",
            "azurerm_resource_group.hub_net_rg",
            "azurerm_resource_group.spoke2_rg",
            "azurerm_subnet.hub_gateway_subnet",
            "azurerm_virtual_network.hub_vnet",
            "azurerm_virtual_network.spoke2_vnet",
            "azurerm_virtual_network_gateway.hub_vnet_gateway"
          ]
        }
      ]
    }
  ],
  "check_results": null
}
